
Microsoft Visual Studio Solution File, Format Version 12.00
# Visual Studio Version 17
VisualStudioVersion = 17.3.32819.101
MinimumVisualStudioVersion = 10.0.40219.1
Project("{FAE04EC0-301F-11D3-BF4B-00C04F79EFBC}") = "WEB_LIBROS", "WEB_LIBROS\WEB_LIBROS.csproj", "{4554C6B8-4983-4C1F-BC55-1738DA82B094}"
EndProject
Project("{FAE04EC0-301F-11D3-BF4B-00C04F79EFBC}") = "API_LIBROS", "API_LIBROS\API_LIBROS.csproj", "{B40D8F3B-C597-4A3B-A271-09EBB8ED45A5}"
EndProject
Global
	GlobalSection(SolutionConfigurationPlatforms) = preSolution
		Debug|Any CPU = Debug|Any CPU
		Release|Any CPU = Release|Any CPU
	EndGlobalSection
	GlobalSection(ProjectConfigurationPlatforms) = postSolution
		{4554C6B8-4983-4C1F-BC55-1738DA82B094}.Debug|Any CPU.ActiveCfg = Debug|Any CPU
		{4554C6B8-4983-4C1F-BC55-1738DA82B094}.Debug|Any CPU.Build.0 = Debug|Any CPU
		{4554C6B8-4983-4C1F-BC55-1738DA82B094}.Release|Any CPU.ActiveCfg = Release|Any CPU
		{4554C6B8-4983-4C1F-BC55-1738DA82B094}.Release|Any CPU.Build.0 = Release|Any CPU
		{B40D8F3B-C597-4A3B-A271-09EBB8ED45A5}.Debug|Any CPU.ActiveCfg = Debug|Any CPU
		{B40D8F3B-C597-4A3B-A271-09EBB8ED45A5}.Debug|Any CPU.Build.0 = Debug|Any CPU
		{B40D8F3B-C597-4A3B-A271-09EBB8ED45A5}.Release|Any CPU.ActiveCfg = Release|Any CPU
		{B40D8F3B-C597-4A3B-A271-09EBB8ED45A5}.Release|Any CPU.Build.0 = Release|Any CPU
	EndGlobalSection
	GlobalSection(SolutionProperties) = preSolution
		HideSolutionNode = FALSE
	EndGlobalSection
	GlobalSection(ExtensibilityGlobals) = postSolution
		SolutionGuid = {F7064BE9-52A0-44F5-A889-83CFC01B3004}
	EndGlobalSection
EndGlobal
